
Microsoft Visual Studio Solution File, Format Version 12.00
# Visual Studio Version 16
VisualStudioVersion = 16.0.29920.165
MinimumVisualStudioVersion = 10.0.40219.1
Project("{FAE04EC0-301F-11D3-BF4B-00C04F79EFBC}") = "Project_HRM.UI", "Project_HRM.UI\Project_HRM.UI.csproj", "{7119D265-F9FB-471F-BEE5-9E755FA40DA4}"
EndProject
Project("{FAE04EC0-301F-11D3-BF4B-00C04F79EFBC}") = "Project_HRM.DATA", "Project_HRM.DATA\Project_HRM.DATA.csproj", "{B5BDA9EE-3D3E-43FF-8913-B45BEC9A2529}"
EndProject
Project("{FAE04EC0-301F-11D3-BF4B-00C04F79EFBC}") = "Project_HRM.BusinessEngine", "Project_HRM.BusinessEngine\Project_HRM.BusinessEngine.csproj", "{FF11A4F0-1D03-4CD2-AE0D-CA28F2CF7FB6}"
EndProject
Project("{FAE04EC0-301F-11D3-BF4B-00C04F79EFBC}") = "Project_HRM.Common", "Project_HRM.Common\Project_HRM.Common.csproj", "{5614EC70-11E1-490C-A111-A8D99D795CE8}"
EndProject
Global
	GlobalSection(SolutionConfigurationPlatforms) = preSolution
		Debug|Any CPU = Debug|Any CPU
		Release|Any CPU = Release|Any CPU
	EndGlobalSection
	GlobalSection(ProjectConfigurationPlatforms) = postSolution
		{7119D265-F9FB-471F-BEE5-9E755FA40DA4}.Debug|Any CPU.ActiveCfg = Debug|Any CPU
		{7119D265-F9FB-471F-BEE5-9E755FA40DA4}.Debug|Any CPU.Build.0 = Debug|Any CPU
		{7119D265-F9FB-471F-BEE5-9E755FA40DA4}.Release|Any CPU.ActiveCfg = Release|Any CPU
		{7119D265-F9FB-471F-BEE5-9E755FA40DA4}.Release|Any CPU.Build.0 = Release|Any CPU
		{B5BDA9EE-3D3E-43FF-8913-B45BEC9A2529}.Debug|Any CPU.ActiveCfg = Debug|Any CPU
		{B5BDA9EE-3D3E-43FF-8913-B45BEC9A2529}.Debug|Any CPU.Build.0 = Debug|Any CPU
		{B5BDA9EE-3D3E-43FF-8913-B45BEC9A2529}.Release|Any CPU.ActiveCfg = Release|Any CPU
		{B5BDA9EE-3D3E-43FF-8913-B45BEC9A2529}.Release|Any CPU.Build.0 = Release|Any CPU
		{FF11A4F0-1D03-4CD2-AE0D-CA28F2CF7FB6}.Debug|Any CPU.ActiveCfg = Debug|Any CPU
		{FF11A4F0-1D03-4CD2-AE0D-CA28F2CF7FB6}.Debug|Any CPU.Build.0 = Debug|Any CPU
		{FF11A4F0-1D03-4CD2-AE0D-CA28F2CF7FB6}.Release|Any CPU.ActiveCfg = Release|Any CPU
		{FF11A4F0-1D03-4CD2-AE0D-CA28F2CF7FB6}.Release|Any CPU.Build.0 = Release|Any CPU
		{5614EC70-11E1-490C-A111-A8D99D795CE8}.Debug|Any CPU.ActiveCfg = Debug|Any CPU
		{5614EC70-11E1-490C-A111-A8D99D795CE8}.Debug|Any CPU.Build.0 = Debug|Any CPU
		{5614EC70-11E1-490C-A111-A8D99D795CE8}.Release|Any CPU.ActiveCfg = Release|Any CPU
		{5614EC70-11E1-490C-A111-A8D99D795CE8}.Release|Any CPU.Build.0 = Release|Any CPU
	EndGlobalSection
	GlobalSection(SolutionProperties) = preSolution
		HideSolutionNode = FALSE
	EndGlobalSection
	GlobalSection(ExtensibilityGlobals) = postSolution
		SolutionGuid = {7AD0BF33-9C95-44E3-B0B4-A7EFA717458D}
	EndGlobalSection
EndGlobal
